// !$*UTF8*$!
{
	archiveVersion = 1;
	classes = {
	};
	objectVersion = 77;
	objects = {

/* Begin PBXBuildFile section */
	9A1111112F10000100000001 /* STXMarkdownView in Frameworks */ = {isa = PBXBuildFile; productRef = 9A1111112F10000100000002 /* STXMarkdownView */; };
	D1EEC786FA6E45628C38773C /* MarkdownDemoSnapshotTests.swift in Sources */ = {isa = PBXBuildFile; fileRef = E6FBC8662C8C4EE0860867C6 /* MarkdownDemoSnapshotTests.swift */; };
	01644F292A894848B754315F /* SnapshotTesting in Frameworks */ = {isa = PBXBuildFile; productRef = 719BB93BA6B94ECFAF21B3AD /* SnapshotTesting */; };
	A5E780C46CBD46F6AD8F5FCB /* Highlightr in Frameworks */ = {isa = PBXBuildFile; productRef = 9AE25AB12F04BDE400E3DD5B /* Highlightr */; };
	9AE25AB22F04BDE400E3DD5B /* Highlightr in Frameworks */ = {isa = PBXBuildFile; productRef = 9AE25AB12F04BDE400E3DD5B /* Highlightr */; };
	CD0000000000000000000001 /* Markdown in Frameworks */ = {isa = PBXBuildFile; productRef = CD0000000000000000000002 /* Markdown */; };
		AB0000000000000000000001 /* InlineParserTests.swift in Sources */ = {isa = PBXBuildFile; fileRef = AB0000000000000000000019 /* InlineParserTests.swift */; };
		AB0000000000000000000002 /* MarkdownParserTests.swift in Sources */ = {isa = PBXBuildFile; fileRef = AB0000000000000000000020 /* MarkdownParserTests.swift */; };
		AB0000000000000000000003 /* MarkdownRendererTests.swift in Sources */ = {isa = PBXBuildFile; fileRef = AB0000000000000000000021 /* MarkdownRendererTests.swift */; };
		AB0000000000000000000004 /* TestHelpers.swift in Sources */ = {isa = PBXBuildFile; fileRef = AB0000000000000000000022 /* TestHelpers.swift */; };
		AB0000000000000000000005 /* MarkdownViewIntegrationTests.swift in Sources */ = {isa = PBXBuildFile; fileRef = AB0000000000000000000023 /* MarkdownViewIntegrationTests.swift */; };
		AB0000000000000000000006 /* StreamingRenderTests.swift in Sources */ = {isa = PBXBuildFile; fileRef = AB0000000000000000000024 /* StreamingRenderTests.swift */; };
		AB0000000000000000000007 /* MarkdownViewSnapshotTests.swift in Sources */ = {isa = PBXBuildFile; fileRef = AB0000000000000000000025 /* MarkdownViewSnapshotTests.swift */; };
		AB0000000000000000000008 /* MarkdownThemeTests.swift in Sources */ = {isa = PBXBuildFile; fileRef = AB0000000000000000000026 /* MarkdownThemeTests.swift */; };
		AB0000000000000000000009 /* AttachmentContentKeyTests.swift in Sources */ = {isa = PBXBuildFile; fileRef = AB0000000000000000000027 /* AttachmentContentKeyTests.swift */; };
		AB0000000000000000000010 /* AttachmentPoolTests.swift in Sources */ = {isa = PBXBuildFile; fileRef = AB0000000000000000000028 /* AttachmentPoolTests.swift */; };
		AB0000000000000000000011 /* CodeBlockAnalyzerTests.swift in Sources */ = {isa = PBXBuildFile; fileRef = AB0000000000000000000029 /* CodeBlockAnalyzerTests.swift */; };
		AB0000000000000000000012 /* ImageCacheTests.swift in Sources */ = {isa = PBXBuildFile; fileRef = AB0000000000000000000030 /* ImageCacheTests.swift */; };
		AB0000000000000000000013 /* MarkdownLoggerTests.swift in Sources */ = {isa = PBXBuildFile; fileRef = AB0000000000000000000031 /* MarkdownLoggerTests.swift */; };
		AB0000000000000000000014 /* TableCellSizeCacheTests.swift in Sources */ = {isa = PBXBuildFile; fileRef = AB0000000000000000000032 /* TableCellSizeCacheTests.swift */; };
		AB0000000000000000000015 /* CodeBlockViewTests.swift in Sources */ = {isa = PBXBuildFile; fileRef = AB0000000000000000000033 /* CodeBlockViewTests.swift */; };
		AB0000000000000000000016 /* MarkdownImageViewTests.swift in Sources */ = {isa = PBXBuildFile; fileRef = AB0000000000000000000034 /* MarkdownImageViewTests.swift */; };
		AB0000000000000000000017 /* MarkdownTableViewTests.swift in Sources */ = {isa = PBXBuildFile; fileRef = AB0000000000000000000035 /* MarkdownTableViewTests.swift */; };
		AB0000000000000000000018 /* QuoteViewTests.swift in Sources */ = {isa = PBXBuildFile; fileRef = AB0000000000000000000036 /* QuoteViewTests.swift */; };
		AB0000000000000000000037 /* STXMarkdownView in Frameworks */ = {isa = PBXBuildFile; productRef = 9A1111112F10000100000002 /* STXMarkdownView */; };
		AB0000000000000000000038 /* SnapshotTesting in Frameworks */ = {isa = PBXBuildFile; productRef = 719BB93BA6B94ECFAF21B3AD /* SnapshotTesting */; };
		AB0000000000000000000039 /* Highlightr in Frameworks */ = {isa = PBXBuildFile; productRef = 9AE25AB12F04BDE400E3DD5B /* Highlightr */; };
/* End PBXBuildFile section */

/* Begin PBXFileReference section */
		9AC0C2972EF70E5100390CE2 /* MarkdownDemo.app */ = {isa = PBXFileReference; explicitFileType = wrapper.application; includeInIndex = 0; path = MarkdownDemo.app; sourceTree = BUILT_PRODUCTS_DIR; };
		52A66AE1B3BF4433963632C7 /* MarkdownDemoSnapshotTests.xctest */ = {isa = PBXFileReference; explicitFileType = wrapper.cfbundle; includeInIndex = 0; path = MarkdownDemoSnapshotTests.xctest; sourceTree = BUILT_PRODUCTS_DIR; };
		E6FBC8662C8C4EE0860867C6 /* MarkdownDemoSnapshotTests.swift */ = {isa = PBXFileReference; lastKnownFileType = sourcecode.swift; path = MarkdownDemoSnapshotTests.swift; sourceTree = "<group>"; };
		AB0000000000000000000040 /* STXMarkdownViewPackageTests.xctest */ = {isa = PBXFileReference; explicitFileType = wrapper.cfbundle; includeInIndex = 0; path = STXMarkdownViewPackageTests.xctest; sourceTree = BUILT_PRODUCTS_DIR; };
		AB0000000000000000000019 /* InlineParserTests.swift */ = {isa = PBXFileReference; lastKnownFileType = sourcecode.swift; path = InlineParserTests.swift; sourceTree = "<group>"; };
		AB0000000000000000000020 /* MarkdownParserTests.swift */ = {isa = PBXFileReference; lastKnownFileType = sourcecode.swift; path = MarkdownParserTests.swift; sourceTree = "<group>"; };
		AB0000000000000000000021 /* MarkdownRendererTests.swift */ = {isa = PBXFileReference; lastKnownFileType = sourcecode.swift; path = MarkdownRendererTests.swift; sourceTree = "<group>"; };
		AB0000000000000000000022 /* TestHelpers.swift */ = {isa = PBXFileReference; lastKnownFileType = sourcecode.swift; path = TestHelpers.swift; sourceTree = "<group>"; };
		AB0000000000000000000023 /* MarkdownViewIntegrationTests.swift */ = {isa = PBXFileReference; lastKnownFileType = sourcecode.swift; path = MarkdownViewIntegrationTests.swift; sourceTree = "<group>"; };
		AB0000000000000000000024 /* StreamingRenderTests.swift */ = {isa = PBXFileReference; lastKnownFileType = sourcecode.swift; path = StreamingRenderTests.swift; sourceTree = "<group>"; };
		AB0000000000000000000025 /* MarkdownViewSnapshotTests.swift */ = {isa = PBXFileReference; lastKnownFileType = sourcecode.swift; path = MarkdownViewSnapshotTests.swift; sourceTree = "<group>"; };
		AB0000000000000000000026 /* MarkdownThemeTests.swift */ = {isa = PBXFileReference; lastKnownFileType = sourcecode.swift; path = MarkdownThemeTests.swift; sourceTree = "<group>"; };
		AB0000000000000000000027 /* AttachmentContentKeyTests.swift */ = {isa = PBXFileReference; lastKnownFileType = sourcecode.swift; path = AttachmentContentKeyTests.swift; sourceTree = "<group>"; };
		AB0000000000000000000028 /* AttachmentPoolTests.swift */ = {isa = PBXFileReference; lastKnownFileType = sourcecode.swift; path = AttachmentPoolTests.swift; sourceTree = "<group>"; };
		AB0000000000000000000029 /* CodeBlockAnalyzerTests.swift */ = {isa = PBXFileReference; lastKnownFileType = sourcecode.swift; path = CodeBlockAnalyzerTests.swift; sourceTree = "<group>"; };
		AB0000000000000000000030 /* ImageCacheTests.swift */ = {isa = PBXFileReference; lastKnownFileType = sourcecode.swift; path = ImageCacheTests.swift; sourceTree = "<group>"; };
		AB0000000000000000000031 /* MarkdownLoggerTests.swift */ = {isa = PBXFileReference; lastKnownFileType = sourcecode.swift; path = MarkdownLoggerTests.swift; sourceTree = "<group>"; };
		AB0000000000000000000032 /* TableCellSizeCacheTests.swift */ = {isa = PBXFileReference; lastKnownFileType = sourcecode.swift; path = TableCellSizeCacheTests.swift; sourceTree = "<group>"; };
		AB0000000000000000000033 /* CodeBlockViewTests.swift */ = {isa = PBXFileReference; lastKnownFileType = sourcecode.swift; path = CodeBlockViewTests.swift; sourceTree = "<group>"; };
		AB0000000000000000000034 /* MarkdownImageViewTests.swift */ = {isa = PBXFileReference; lastKnownFileType = sourcecode.swift; path = MarkdownImageViewTests.swift; sourceTree = "<group>"; };
		AB0000000000000000000035 /* MarkdownTableViewTests.swift */ = {isa = PBXFileReference; lastKnownFileType = sourcecode.swift; path = MarkdownTableViewTests.swift; sourceTree = "<group>"; };
		AB0000000000000000000036 /* QuoteViewTests.swift */ = {isa = PBXFileReference; lastKnownFileType = sourcecode.swift; path = QuoteViewTests.swift; sourceTree = "<group>"; };
/* End PBXFileReference section */

/* Begin PBXFileSystemSynchronizedBuildFileExceptionSet section */
		9AC0C2A92EF70E5400390CE2 /* Exceptions for "MarkdownDemo" folder in "MarkdownDemo" target */ = {
			isa = PBXFileSystemSynchronizedBuildFileExceptionSet;
			membershipExceptions = (
				Info.plist,
			);
			target = 9AC0C2962EF70E5100390CE2 /* MarkdownDemo */;
		};
/* End PBXFileSystemSynchronizedBuildFileExceptionSet section */

/* Begin PBXFileSystemSynchronizedRootGroup section */
		9AC0C2992EF70E5100390CE2 /* MarkdownDemo */ = {
			isa = PBXFileSystemSynchronizedRootGroup;
			exceptions = (
				9AC0C2A92EF70E5400390CE2 /* Exceptions for "MarkdownDemo" folder in "MarkdownDemo" target */,
			);
			path = MarkdownDemo;
			sourceTree = "<group>";
		};
/* End PBXFileSystemSynchronizedRootGroup section */

/* Begin PBXFrameworksBuildPhase section */
		9AC0C2942EF70E5100390CE2 /* Frameworks */ = {
			isa = PBXFrameworksBuildPhase;
			buildActionMask = 2147483647;
			files = (
				9A1111112F10000100000001 /* STXMarkdownView in Frameworks */,
				9AE25AB22F04BDE400E3DD5B /* Highlightr in Frameworks */,
			);
			runOnlyForDeploymentPostprocessing = 0;
		};
		BF14D4CE93244F24B789C81C /* Frameworks */ = {
			isa = PBXFrameworksBuildPhase;
			buildActionMask = 2147483647;
			files = (
				01644F292A894848B754315F /* SnapshotTesting in Frameworks */,
				A5E780C46CBD46F6AD8F5FCB /* Highlightr in Frameworks */,
			);
			runOnlyForDeploymentPostprocessing = 0;
		};
		AB0000000000000000000041 /* Frameworks */ = {
			isa = PBXFrameworksBuildPhase;
			buildActionMask = 2147483647;
			files = (
				AB0000000000000000000037 /* STXMarkdownView in Frameworks */,
				AB0000000000000000000038 /* SnapshotTesting in Frameworks */,
				AB0000000000000000000039 /* Highlightr in Frameworks */,
				CD0000000000000000000001 /* Markdown in Frameworks */,
			);
			runOnlyForDeploymentPostprocessing = 0;
		};
/* End PBXFrameworksBuildPhase section */

/* Begin PBXContainerItemProxy section */
		B524656DBB354CA59C94C8E4 /* PBXContainerItemProxy */ = {
			isa = PBXContainerItemProxy;
			containerPortal = 9AC0C28F2EF70E5100390CE2 /* Project object */;
			proxyType = 1;
			remoteGlobalIDString = 9AC0C2962EF70E5100390CE2;
			remoteInfo = MarkdownDemo;
		};
		AB0000000000000000000042 /* PBXContainerItemProxy */ = {
			isa = PBXContainerItemProxy;
			containerPortal = 9AC0C28F2EF70E5100390CE2 /* Project object */;
			proxyType = 1;
			remoteGlobalIDString = 9AC0C2962EF70E5100390CE2;
			remoteInfo = MarkdownDemo;
		};
/* End PBXContainerItemProxy section */

/* Begin PBXTargetDependency section */
		5C572893B8BB4B8B8D1A4DFC /* PBXTargetDependency */ = {
			isa = PBXTargetDependency;
			target = 9AC0C2962EF70E5100390CE2 /* MarkdownDemo */;
			targetProxy = B524656DBB354CA59C94C8E4 /* PBXContainerItemProxy */;
		};
		AB0000000000000000000043 /* PBXTargetDependency */ = {
			isa = PBXTargetDependency;
			target = 9AC0C2962EF70E5100390CE2 /* MarkdownDemo */;
			targetProxy = AB0000000000000000000042 /* PBXContainerItemProxy */;
		};
/* End PBXTargetDependency section */

/* Begin PBXGroup section */
		9AC0C28E2EF70E5100390CE2 = {
			isa = PBXGroup;
			children = (
				9AC0C2992EF70E5100390CE2 /* MarkdownDemo */,
				0D5DD8A7A0D6472CB00B53C9 /* MarkdownDemoSnapshotTests */,
				AB0000000000000000000044 /* STXMarkdownViewPackageTests */,
				9AC0C2982EF70E5100390CE2 /* Products */,
			);
			sourceTree = "<group>";
		};
		9AC0C2982EF70E5100390CE2 /* Products */ = {
			isa = PBXGroup;
			children = (
				9AC0C2972EF70E5100390CE2 /* MarkdownDemo.app */,
				52A66AE1B3BF4433963632C7 /* MarkdownDemoSnapshotTests.xctest */,
				AB0000000000000000000040 /* STXMarkdownViewPackageTests.xctest */,
			);
			name = Products;
			sourceTree = "<group>";
		};
		0D5DD8A7A0D6472CB00B53C9 /* MarkdownDemoSnapshotTests */ = {
			isa = PBXGroup;
			children = (
				E6FBC8662C8C4EE0860867C6 /* MarkdownDemoSnapshotTests.swift */,
			);
			path = MarkdownDemoSnapshotTests;
			sourceTree = "<group>";
		};
		AB0000000000000000000044 /* STXMarkdownViewPackageTests */ = {
			isa = PBXGroup;
			children = (
				AB0000000000000000000045 /* Core */,
				AB0000000000000000000046 /* Helpers */,
				AB0000000000000000000047 /* Integration */,
				AB0000000000000000000048 /* Snapshot */,
				AB0000000000000000000049 /* Theme */,
				AB0000000000000000000050 /* Utils */,
				AB0000000000000000000051 /* Views */,
			);
			name = STXMarkdownViewPackageTests;
			path = STXMarkdownView/Tests/STXMarkdownViewTests;
			sourceTree = "<group>";
		};
		AB0000000000000000000045 /* Core */ = {
			isa = PBXGroup;
			children = (
				AB0000000000000000000019 /* InlineParserTests.swift */,
				AB0000000000000000000020 /* MarkdownParserTests.swift */,
				AB0000000000000000000021 /* MarkdownRendererTests.swift */,
			);
			path = Core;
			sourceTree = "<group>";
		};
		AB0000000000000000000046 /* Helpers */ = {
			isa = PBXGroup;
			children = (
				AB0000000000000000000022 /* TestHelpers.swift */,
			);
			path = Helpers;
			sourceTree = "<group>";
		};
		AB0000000000000000000047 /* Integration */ = {
			isa = PBXGroup;
			children = (
				AB0000000000000000000023 /* MarkdownViewIntegrationTests.swift */,
				AB0000000000000000000024 /* StreamingRenderTests.swift */,
			);
			path = Integration;
			sourceTree = "<group>";
		};
		AB0000000000000000000048 /* Snapshot */ = {
			isa = PBXGroup;
			children = (
				AB0000000000000000000025 /* MarkdownViewSnapshotTests.swift */,
			);
			path = Snapshot;
			sourceTree = "<group>";
		};
		AB0000000000000000000049 /* Theme */ = {
			isa = PBXGroup;
			children = (
				AB0000000000000000000026 /* MarkdownThemeTests.swift */,
			);
			path = Theme;
			sourceTree = "<group>";
		};
		AB0000000000000000000050 /* Utils */ = {
			isa = PBXGroup;
			children = (
				AB0000000000000000000027 /* AttachmentContentKeyTests.swift */,
				AB0000000000000000000028 /* AttachmentPoolTests.swift */,
				AB0000000000000000000029 /* CodeBlockAnalyzerTests.swift */,
				AB0000000000000000000030 /* ImageCacheTests.swift */,
				AB0000000000000000000031 /* MarkdownLoggerTests.swift */,
				AB0000000000000000000032 /* TableCellSizeCacheTests.swift */,
			);
			path = Utils;
			sourceTree = "<group>";
		};
		AB0000000000000000000051 /* Views */ = {
			isa = PBXGroup;
			children = (
				AB0000000000000000000033 /* CodeBlockViewTests.swift */,
				AB0000000000000000000034 /* MarkdownImageViewTests.swift */,
				AB0000000000000000000035 /* MarkdownTableViewTests.swift */,
				AB0000000000000000000036 /* QuoteViewTests.swift */,
			);
			path = Views;
			sourceTree = "<group>";
		};
/* End PBXGroup section */

/* Begin PBXNativeTarget section */
		9AC0C2962EF70E5100390CE2 /* MarkdownDemo */ = {
			isa = PBXNativeTarget;
			buildConfigurationList = 9AC0C2AA2EF70E5400390CE2 /* Build configuration list for PBXNativeTarget "MarkdownDemo" */;
			buildPhases = (
				9AC0C2932EF70E5100390CE2 /* Sources */,
				9AC0C2942EF70E5100390CE2 /* Frameworks */,
				9AC0C2952EF70E5100390CE2 /* Resources */,
			);
			buildRules = (
			);
			dependencies = (
			);
			fileSystemSynchronizedGroups = (
				9AC0C2992EF70E5100390CE2 /* MarkdownDemo */,
			);
			name = MarkdownDemo;
			packageProductDependencies = (
				9A1111112F10000100000002 /* STXMarkdownView */,
				9AE25AB12F04BDE400E3DD5B /* Highlightr */,
			);
			productName = MarkdownDemo;
			productReference = 9AC0C2972EF70E5100390CE2 /* MarkdownDemo.app */;
			productType = "com.apple.product-type.application";
		};
		E7A896DF50B44D618FDA70CB /* MarkdownDemoSnapshotTests */ = {
			isa = PBXNativeTarget;
			buildConfigurationList = 00B579821E1844B6A9231459 /* Build configuration list for PBXNativeTarget "MarkdownDemoSnapshotTests" */;
			buildPhases = (
				C1A1CFA6A76C41D9A99AD508 /* Sources */,
				BF14D4CE93244F24B789C81C /* Frameworks */,
				2A5529D9AC774C928805D6CA /* Resources */,
			);
			buildRules = (
			);
			dependencies = (
				5C572893B8BB4B8B8D1A4DFC /* PBXTargetDependency */,
			);
			name = MarkdownDemoSnapshotTests;
			packageProductDependencies = (
				719BB93BA6B94ECFAF21B3AD /* SnapshotTesting */,
				9AE25AB12F04BDE400E3DD5B /* Highlightr */,
				9A1111112F10000100000002 /* STXMarkdownView */,
			);
			productName = MarkdownDemoSnapshotTests;
			productReference = 52A66AE1B3BF4433963632C7 /* MarkdownDemoSnapshotTests.xctest */;
			productType = "com.apple.product-type.bundle.unit-test";
		};
		AB0000000000000000000052 /* STXMarkdownViewPackageTests */ = {
			isa = PBXNativeTarget;
			buildConfigurationList = AB0000000000000000000053 /* Build configuration list for PBXNativeTarget "STXMarkdownViewPackageTests" */;
			buildPhases = (
				AB0000000000000000000054 /* Sources */,
				AB0000000000000000000041 /* Frameworks */,
				AB0000000000000000000055 /* Resources */,
			);
			buildRules = (
			);
			dependencies = (
				AB0000000000000000000043 /* PBXTargetDependency */,
			);
			name = STXMarkdownViewPackageTests;
			packageProductDependencies = (
				9A1111112F10000100000002 /* STXMarkdownView */,
				719BB93BA6B94ECFAF21B3AD /* SnapshotTesting */,
				9AE25AB12F04BDE400E3DD5B /* Highlightr */,
				CD0000000000000000000002 /* Markdown */,
			);
			productName = STXMarkdownViewPackageTests;
			productReference = AB0000000000000000000040 /* STXMarkdownViewPackageTests.xctest */;
			productType = "com.apple.product-type.bundle.unit-test";
		};
/* End PBXNativeTarget section */

/* Begin PBXProject section */
		9AC0C28F2EF70E5100390CE2 /* Project object */ = {
			isa = PBXProject;
			attributes = {
				BuildIndependentTargetsInParallel = 1;
				LastSwiftUpdateCheck = 2610;
				LastUpgradeCheck = 2610;
			TargetAttributes = {
				9AC0C2962EF70E5100390CE2 = {
					CreatedOnToolsVersion = 26.1;
				};
				E7A896DF50B44D618FDA70CB = {
					CreatedOnToolsVersion = 26.1;
				};
				AB0000000000000000000052 = {
					CreatedOnToolsVersion = 26.1;
				};
			};
			};
			buildConfigurationList = 9AC0C2922EF70E5100390CE2 /* Build configuration list for PBXProject "MarkdownDemo" */;
			developmentRegion = en;
			hasScannedForEncodings = 0;
			knownRegions = (
				en,
				Base,
			);
			mainGroup = 9AC0C28E2EF70E5100390CE2;
			minimizedProjectReferenceProxies = 1;
			packageReferences = (
				9A1111112F10000100000003 /* XCLocalSwiftPackageReference "STXMarkdownView" */,
				9AE25AB02F04BDE400E3DD5B /* XCRemoteSwiftPackageReference "Highlightr" */,
				7103A5D2424949E6A138ECF7 /* XCRemoteSwiftPackageReference "SnapshotTesting" */,
			);
			preferredProjectObjectVersion = 77;
			productRefGroup = 9AC0C2982EF70E5100390CE2 /* Products */;
			projectDirPath = "";
			projectRoot = "";
		targets = (
			9AC0C2962EF70E5100390CE2 /* MarkdownDemo */,
			E7A896DF50B44D618FDA70CB /* MarkdownDemoSnapshotTests */,
			AB0000000000000000000052 /* STXMarkdownViewPackageTests */,
		);
			};
/* End PBXProject section */

/* Begin PBXResourcesBuildPhase section */
		9AC0C2952EF70E5100390CE2 /* Resources */ = {
			isa = PBXResourcesBuildPhase;
			buildActionMask = 2147483647;
			files = (
			);
			runOnlyForDeploymentPostprocessing = 0;
		};
		2A5529D9AC774C928805D6CA /* Resources */ = {
			isa = PBXResourcesBuildPhase;
			buildActionMask = 2147483647;
			files = (
			);
			runOnlyForDeploymentPostprocessing = 0;
		};
		AB0000000000000000000055 /* Resources */ = {
			isa = PBXResourcesBuildPhase;
			buildActionMask = 2147483647;
			files = (
			);
			runOnlyForDeploymentPostprocessing = 0;
		};
/* End PBXResourcesBuildPhase section */

/* Begin PBXSourcesBuildPhase section */
		9AC0C2932EF70E5100390CE2 /* Sources */ = {
			isa = PBXSourcesBuildPhase;
			buildActionMask = 2147483647;
			files = (
			);
			runOnlyForDeploymentPostprocessing = 0;
		};
		C1A1CFA6A76C41D9A99AD508 /* Sources */ = {
			isa = PBXSourcesBuildPhase;
			buildActionMask = 2147483647;
			files = (
				D1EEC786FA6E45628C38773C /* MarkdownDemoSnapshotTests.swift in Sources */,
			);
			runOnlyForDeploymentPostprocessing = 0;
		};
		AB0000000000000000000054 /* Sources */ = {
			isa = PBXSourcesBuildPhase;
			buildActionMask = 2147483647;
			files = (
				AB0000000000000000000001 /* InlineParserTests.swift in Sources */,
				AB0000000000000000000002 /* MarkdownParserTests.swift in Sources */,
				AB0000000000000000000003 /* MarkdownRendererTests.swift in Sources */,
				AB0000000000000000000004 /* TestHelpers.swift in Sources */,
				AB0000000000000000000005 /* MarkdownViewIntegrationTests.swift in Sources */,
				AB0000000000000000000006 /* StreamingRenderTests.swift in Sources */,
				AB0000000000000000000007 /* MarkdownViewSnapshotTests.swift in Sources */,
				AB0000000000000000000008 /* MarkdownThemeTests.swift in Sources */,
				AB0000000000000000000009 /* AttachmentContentKeyTests.swift in Sources */,
				AB0000000000000000000010 /* AttachmentPoolTests.swift in Sources */,
				AB0000000000000000000011 /* CodeBlockAnalyzerTests.swift in Sources */,
				AB0000000000000000000012 /* ImageCacheTests.swift in Sources */,
				AB0000000000000000000013 /* MarkdownLoggerTests.swift in Sources */,
				AB0000000000000000000014 /* TableCellSizeCacheTests.swift in Sources */,
				AB0000000000000000000015 /* CodeBlockViewTests.swift in Sources */,
				AB0000000000000000000016 /* MarkdownImageViewTests.swift in Sources */,
				AB0000000000000000000017 /* MarkdownTableViewTests.swift in Sources */,
				AB0000000000000000000018 /* QuoteViewTests.swift in Sources */,
			);
			runOnlyForDeploymentPostprocessing = 0;
		};
/* End PBXSourcesBuildPhase section */

/* Begin XCBuildConfiguration section */
		00ACF507B7F642818ADBAE9B /* Debug */ = {
			isa = XCBuildConfiguration;
			buildSettings = {
				GENERATE_INFOPLIST_FILE = YES;
				PRODUCT_BUNDLE_IDENTIFIER = com.stxprod.MarkdownDemoSnapshotTests;
				PRODUCT_NAME = "$(TARGET_NAME)";
				SWIFT_VERSION = 5.0;
				TEST_TARGET_NAME = MarkdownDemo;
			};
			name = Debug;
		};
		C4D62E35342346319D4F7BC9 /* Release */ = {
			isa = XCBuildConfiguration;
			buildSettings = {
				GENERATE_INFOPLIST_FILE = YES;
				PRODUCT_BUNDLE_IDENTIFIER = com.stxprod.MarkdownDemoSnapshotTests;
				PRODUCT_NAME = "$(TARGET_NAME)";
				SWIFT_VERSION = 5.0;
				TEST_TARGET_NAME = MarkdownDemo;
			};
			name = Release;
		};
		AB0000000000000000000056 /* Debug */ = {
			isa = XCBuildConfiguration;
			buildSettings = {
				BUNDLE_LOADER = "$(TEST_HOST)";
				GENERATE_INFOPLIST_FILE = YES;
				IPHONEOS_DEPLOYMENT_TARGET = 15.0;
				PRODUCT_BUNDLE_IDENTIFIER = com.stxprod.STXMarkdownViewPackageTests;
				PRODUCT_NAME = "$(TARGET_NAME)";
				SWIFT_VERSION = 5.0;
				TEST_HOST = "$(BUILT_PRODUCTS_DIR)/MarkdownDemo.app/$(BUNDLE_EXECUTABLE_FOLDER_PATH)/MarkdownDemo";
			};
			name = Debug;
		};
		AB0000000000000000000057 /* Release */ = {
			isa = XCBuildConfiguration;
			buildSettings = {
				BUNDLE_LOADER = "$(TEST_HOST)";
				GENERATE_INFOPLIST_FILE = YES;
				IPHONEOS_DEPLOYMENT_TARGET = 15.0;
				PRODUCT_BUNDLE_IDENTIFIER = com.stxprod.STXMarkdownViewPackageTests;
				PRODUCT_NAME = "$(TARGET_NAME)";
				SWIFT_VERSION = 5.0;
				TEST_HOST = "$(BUILT_PRODUCTS_DIR)/MarkdownDemo.app/$(BUNDLE_EXECUTABLE_FOLDER_PATH)/MarkdownDemo";
			};
			name = Release;
		};
		9AC0C2AB2EF70E5400390CE2 /* Debug */ = {
			isa = XCBuildConfiguration;
			buildSettings = {
				ASSETCATALOG_COMPILER_APPICON_NAME = AppIcon;
				ASSETCATALOG_COMPILER_GLOBAL_ACCENT_COLOR_NAME = AccentColor;
				CODE_SIGN_STYLE = Automatic;
				CURRENT_PROJECT_VERSION = 1;
				GENERATE_INFOPLIST_FILE = YES;
				INFOPLIST_FILE = MarkdownDemo/Info.plist;
				INFOPLIST_KEY_UIApplicationSupportsIndirectInputEvents = YES;
				INFOPLIST_KEY_UILaunchStoryboardName = LaunchScreen;
				INFOPLIST_KEY_UIMainStoryboardFile = Main;
				INFOPLIST_KEY_UISupportedInterfaceOrientations_iPad = "UIInterfaceOrientationPortrait UIInterfaceOrientationPortraitUpsideDown UIInterfaceOrientationLandscapeLeft UIInterfaceOrientationLandscapeRight";
				INFOPLIST_KEY_UISupportedInterfaceOrientations_iPhone = "UIInterfaceOrientationPortrait UIInterfaceOrientationLandscapeLeft UIInterfaceOrientationLandscapeRight";
				IPHONEOS_DEPLOYMENT_TARGET = 15.0;
				LD_RUNPATH_SEARCH_PATHS = (
					"$(inherited)",
					"@executable_path/Frameworks",
				);
				MARKETING_VERSION = 1.0;
				PRODUCT_BUNDLE_IDENTIFIER = com.stxprod.MarkdownDemo;
				PRODUCT_NAME = "$(TARGET_NAME)";
				STRING_CATALOG_GENERATE_SYMBOLS = YES;
				SWIFT_APPROACHABLE_CONCURRENCY = YES;
				SWIFT_DEFAULT_ACTOR_ISOLATION = MainActor;
				SWIFT_EMIT_LOC_STRINGS = YES;
				SWIFT_UPCOMING_FEATURE_MEMBER_IMPORT_VISIBILITY = YES;
				SWIFT_VERSION = 5.0;
				TARGETED_DEVICE_FAMILY = "1,2";
			};
			name = Debug;
		};
		9AC0C2AC2EF70E5400390CE2 /* Release */ = {
			isa = XCBuildConfiguration;
			buildSettings = {
				ASSETCATALOG_COMPILER_APPICON_NAME = AppIcon;
				ASSETCATALOG_COMPILER_GLOBAL_ACCENT_COLOR_NAME = AccentColor;
				CODE_SIGN_STYLE = Automatic;
				CURRENT_PROJECT_VERSION = 1;
				GENERATE_INFOPLIST_FILE = YES;
				INFOPLIST_FILE = MarkdownDemo/Info.plist;
				INFOPLIST_KEY_UIApplicationSupportsIndirectInputEvents = YES;
				INFOPLIST_KEY_UILaunchStoryboardName = LaunchScreen;
				INFOPLIST_KEY_UIMainStoryboardFile = Main;
				INFOPLIST_KEY_UISupportedInterfaceOrientations_iPad = "UIInterfaceOrientationPortrait UIInterfaceOrientationPortraitUpsideDown UIInterfaceOrientationLandscapeLeft UIInterfaceOrientationLandscapeRight";
				INFOPLIST_KEY_UISupportedInterfaceOrientations_iPhone = "UIInterfaceOrientationPortrait UIInterfaceOrientationLandscapeLeft UIInterfaceOrientationLandscapeRight";
				IPHONEOS_DEPLOYMENT_TARGET = 15.0;
				LD_RUNPATH_SEARCH_PATHS = (
					"$(inherited)",
					"@executable_path/Frameworks",
				);
				MARKETING_VERSION = 1.0;
				PRODUCT_BUNDLE_IDENTIFIER = com.stxprod.MarkdownDemo;
				PRODUCT_NAME = "$(TARGET_NAME)";
				STRING_CATALOG_GENERATE_SYMBOLS = YES;
				SWIFT_APPROACHABLE_CONCURRENCY = YES;
				SWIFT_DEFAULT_ACTOR_ISOLATION = MainActor;
				SWIFT_EMIT_LOC_STRINGS = YES;
				SWIFT_UPCOMING_FEATURE_MEMBER_IMPORT_VISIBILITY = YES;
				SWIFT_VERSION = 5.0;
				TARGETED_DEVICE_FAMILY = "1,2";
			};
			name = Release;
		};
		9AC0C2AD2EF70E5400390CE2 /* Debug */ = {
			isa = XCBuildConfiguration;
			buildSettings = {
				ALWAYS_SEARCH_USER_PATHS = NO;
				ASSETCATALOG_COMPILER_GENERATE_SWIFT_ASSET_SYMBOL_EXTENSIONS = YES;
				CLANG_ANALYZER_NONNULL = YES;
				CLANG_ANALYZER_NUMBER_OBJECT_CONVERSION = YES_AGGRESSIVE;
				CLANG_CXX_LANGUAGE_STANDARD = "gnu++20";
				CLANG_ENABLE_MODULES = YES;
				CLANG_ENABLE_OBJC_ARC = YES;
				CLANG_ENABLE_OBJC_WEAK = YES;
				CLANG_WARN_BLOCK_CAPTURE_AUTORELEASING = YES;
				CLANG_WARN_BOOL_CONVERSION = YES;
				CLANG_WARN_COMMA = YES;
				CLANG_WARN_CONSTANT_CONVERSION = YES;
				CLANG_WARN_DEPRECATED_OBJC_IMPLEMENTATIONS = YES;
				CLANG_WARN_DIRECT_OBJC_ISA_USAGE = YES_ERROR;
				CLANG_WARN_DOCUMENTATION_COMMENTS = YES;
				CLANG_WARN_EMPTY_BODY = YES;
				CLANG_WARN_ENUM_CONVERSION = YES;
				CLANG_WARN_INFINITE_RECURSION = YES;
				CLANG_WARN_INT_CONVERSION = YES;
				CLANG_WARN_NON_LITERAL_NULL_CONVERSION = YES;
				CLANG_WARN_OBJC_IMPLICIT_RETAIN_SELF = YES;
				CLANG_WARN_OBJC_LITERAL_CONVERSION = YES;
				CLANG_WARN_OBJC_ROOT_CLASS = YES_ERROR;
				CLANG_WARN_QUOTED_INCLUDE_IN_FRAMEWORK_HEADER = YES;
				CLANG_WARN_RANGE_LOOP_ANALYSIS = YES;
				CLANG_WARN_STRICT_PROTOTYPES = YES;
				CLANG_WARN_SUSPICIOUS_MOVE = YES;
				CLANG_WARN_UNGUARDED_AVAILABILITY = YES_AGGRESSIVE;
				CLANG_WARN_UNREACHABLE_CODE = YES;
				CLANG_WARN__DUPLICATE_METHOD_MATCH = YES;
				COPY_PHASE_STRIP = NO;
				DEBUG_INFORMATION_FORMAT = dwarf;
				ENABLE_STRICT_OBJC_MSGSEND = YES;
				ENABLE_TESTABILITY = YES;
				ENABLE_USER_SCRIPT_SANDBOXING = YES;
				GCC_C_LANGUAGE_STANDARD = gnu17;
				GCC_DYNAMIC_NO_PIC = NO;
				GCC_NO_COMMON_BLOCKS = YES;
				GCC_OPTIMIZATION_LEVEL = 0;
				GCC_PREPROCESSOR_DEFINITIONS = (
					"DEBUG=1",
					"$(inherited)",
				);
				GCC_WARN_64_TO_32_BIT_CONVERSION = YES;
				GCC_WARN_ABOUT_RETURN_TYPE = YES_ERROR;
				GCC_WARN_UNDECLARED_SELECTOR = YES;
				GCC_WARN_UNINITIALIZED_AUTOS = YES_AGGRESSIVE;
				GCC_WARN_UNUSED_FUNCTION = YES;
				GCC_WARN_UNUSED_VARIABLE = YES;
				IPHONEOS_DEPLOYMENT_TARGET = 26.1;
				LOCALIZATION_PREFERS_STRING_CATALOGS = YES;
				MTL_ENABLE_DEBUG_INFO = INCLUDE_SOURCE;
				MTL_FAST_MATH = YES;
				ONLY_ACTIVE_ARCH = YES;
				SDKROOT = iphoneos;
				SWIFT_ACTIVE_COMPILATION_CONDITIONS = "DEBUG $(inherited)";
				SWIFT_OPTIMIZATION_LEVEL = "-Onone";
			};
			name = Debug;
		};
		9AC0C2AE2EF70E5400390CE2 /* Release */ = {
			isa = XCBuildConfiguration;
			buildSettings = {
				ALWAYS_SEARCH_USER_PATHS = NO;
				ASSETCATALOG_COMPILER_GENERATE_SWIFT_ASSET_SYMBOL_EXTENSIONS = YES;
				CLANG_ANALYZER_NONNULL = YES;
				CLANG_ANALYZER_NUMBER_OBJECT_CONVERSION = YES_AGGRESSIVE;
				CLANG_CXX_LANGUAGE_STANDARD = "gnu++20";
				CLANG_ENABLE_MODULES = YES;
				CLANG_ENABLE_OBJC_ARC = YES;
				CLANG_ENABLE_OBJC_WEAK = YES;
				CLANG_WARN_BLOCK_CAPTURE_AUTORELEASING = YES;
				CLANG_WARN_BOOL_CONVERSION = YES;
				CLANG_WARN_COMMA = YES;
				CLANG_WARN_CONSTANT_CONVERSION = YES;
				CLANG_WARN_DEPRECATED_OBJC_IMPLEMENTATIONS = YES;
				CLANG_WARN_DIRECT_OBJC_ISA_USAGE = YES_ERROR;
				CLANG_WARN_DOCUMENTATION_COMMENTS = YES;
				CLANG_WARN_EMPTY_BODY = YES;
				CLANG_WARN_ENUM_CONVERSION = YES;
				CLANG_WARN_INFINITE_RECURSION = YES;
				CLANG_WARN_INT_CONVERSION = YES;
				CLANG_WARN_NON_LITERAL_NULL_CONVERSION = YES;
				CLANG_WARN_OBJC_IMPLICIT_RETAIN_SELF = YES;
				CLANG_WARN_OBJC_LITERAL_CONVERSION = YES;
				CLANG_WARN_OBJC_ROOT_CLASS = YES_ERROR;
				CLANG_WARN_QUOTED_INCLUDE_IN_FRAMEWORK_HEADER = YES;
				CLANG_WARN_RANGE_LOOP_ANALYSIS = YES;
				CLANG_WARN_STRICT_PROTOTYPES = YES;
				CLANG_WARN_SUSPICIOUS_MOVE = YES;
				CLANG_WARN_UNGUARDED_AVAILABILITY = YES_AGGRESSIVE;
				CLANG_WARN_UNREACHABLE_CODE = YES;
				CLANG_WARN__DUPLICATE_METHOD_MATCH = YES;
				COPY_PHASE_STRIP = NO;
				DEBUG_INFORMATION_FORMAT = "dwarf-with-dsym";
				ENABLE_NS_ASSERTIONS = NO;
				ENABLE_STRICT_OBJC_MSGSEND = YES;
				ENABLE_USER_SCRIPT_SANDBOXING = YES;
				GCC_C_LANGUAGE_STANDARD = gnu17;
				GCC_NO_COMMON_BLOCKS = YES;
				GCC_WARN_64_TO_32_BIT_CONVERSION = YES;
				GCC_WARN_ABOUT_RETURN_TYPE = YES_ERROR;
				GCC_WARN_UNDECLARED_SELECTOR = YES;
				GCC_WARN_UNINITIALIZED_AUTOS = YES_AGGRESSIVE;
				GCC_WARN_UNUSED_FUNCTION = YES;
				GCC_WARN_UNUSED_VARIABLE = YES;
				IPHONEOS_DEPLOYMENT_TARGET = 26.1;
				LOCALIZATION_PREFERS_STRING_CATALOGS = YES;
				MTL_ENABLE_DEBUG_INFO = NO;
				MTL_FAST_MATH = YES;
				SDKROOT = iphoneos;
				SWIFT_COMPILATION_MODE = wholemodule;
				VALIDATE_PRODUCT = YES;
			};
			name = Release;
		};
/* End XCBuildConfiguration section */

/* Begin XCConfigurationList section */
		9AC0C2922EF70E5100390CE2 /* Build configuration list for PBXProject "MarkdownDemo" */ = {
			isa = XCConfigurationList;
			buildConfigurations = (
				9AC0C2AD2EF70E5400390CE2 /* Debug */,
				9AC0C2AE2EF70E5400390CE2 /* Release */,
			);
			defaultConfigurationIsVisible = 0;
			defaultConfigurationName = Release;
		};
		9AC0C2AA2EF70E5400390CE2 /* Build configuration list for PBXNativeTarget "MarkdownDemo" */ = {
			isa = XCConfigurationList;
			buildConfigurations = (
				9AC0C2AB2EF70E5400390CE2 /* Debug */,
				9AC0C2AC2EF70E5400390CE2 /* Release */,
			);
			defaultConfigurationIsVisible = 0;
			defaultConfigurationName = Release;
		};
		00B579821E1844B6A9231459 /* Build configuration list for PBXNativeTarget "MarkdownDemoSnapshotTests" */ = {
			isa = XCConfigurationList;
			buildConfigurations = (
				00ACF507B7F642818ADBAE9B /* Debug */,
				C4D62E35342346319D4F7BC9 /* Release */,
			);
			defaultConfigurationIsVisible = 0;
			defaultConfigurationName = Release;
		};
		AB0000000000000000000053 /* Build configuration list for PBXNativeTarget "STXMarkdownViewPackageTests" */ = {
			isa = XCConfigurationList;
			buildConfigurations = (
				AB0000000000000000000056 /* Debug */,
				AB0000000000000000000057 /* Release */,
			);
			defaultConfigurationIsVisible = 0;
			defaultConfigurationName = Release;
		};
/* End XCConfigurationList section */

/* Begin XCLocalSwiftPackageReference section */
		9A1111112F10000100000003 /* XCLocalSwiftPackageReference "STXMarkdownView" */ = {
			isa = XCLocalSwiftPackageReference;
			relativePath = .;
		};
/* End XCLocalSwiftPackageReference section */

/* Begin XCRemoteSwiftPackageReference section */
		9AE25AB02F04BDE400E3DD5B /* XCRemoteSwiftPackageReference "Highlightr" */ = {
			isa = XCRemoteSwiftPackageReference;
			repositoryURL = "https://github.com/raspu/Highlightr.git";
			requirement = {
				kind = upToNextMajorVersion;
				minimumVersion = 2.3.0;
			};
		};
		7103A5D2424949E6A138ECF7 /* XCRemoteSwiftPackageReference "SnapshotTesting" */ = {
			isa = XCRemoteSwiftPackageReference;
			repositoryURL = "https://github.com/pointfreeco/swift-snapshot-testing";
			requirement = {
				kind = upToNextMajorVersion;
				minimumVersion = 1.12.0;
			};
		};
/* End XCRemoteSwiftPackageReference section */

/* Begin XCSwiftPackageProductDependency section */
		9A1111112F10000100000002 /* STXMarkdownView */ = {
			isa = XCSwiftPackageProductDependency;
			package = 9A1111112F10000100000003 /* XCLocalSwiftPackageReference "STXMarkdownView" */;
			productName = STXMarkdownView;
		};
		9AE25AB12F04BDE400E3DD5B /* Highlightr */ = {
			isa = XCSwiftPackageProductDependency;
			package = 9AE25AB02F04BDE400E3DD5B /* XCRemoteSwiftPackageReference "Highlightr" */;
			productName = Highlightr;
		};
		719BB93BA6B94ECFAF21B3AD /* SnapshotTesting */ = {
			isa = XCSwiftPackageProductDependency;
			package = 7103A5D2424949E6A138ECF7 /* XCRemoteSwiftPackageReference "SnapshotTesting" */;
			productName = SnapshotTesting;
		};
		CD0000000000000000000002 /* Markdown */ = {
			isa = XCSwiftPackageProductDependency;
			package = 9A1111112F10000100000003 /* XCLocalSwiftPackageReference "STXMarkdownView" */;
			productName = Markdown;
		};
/* End XCSwiftPackageProductDependency section */
	};
	rootObject = 9AC0C28F2EF70E5100390CE2 /* Project object */;
}
